{
  "name": "openmrs-example",
  "requires": true,
  "lockfileVersion": 1,
  "dependencies": {
    "@openmrs/esm-api": {
      "version": "1.0.4",
      "resolved": "https://registry.npmjs.org/@openmrs/esm-api/-/esm-api-1.0.4.tgz",
      "integrity": "sha512-6CglmT3ZFelRsSoPbDaQpq6dGjGHMRGhwKCMhqReQqxgw7yxx78CKY41DwUJrtBLcynut4TwsnNOG2DDfA919Q==",
      "requires": {
        "react": "^16.9.0",
        "rxjs": "^6.5.3"
      }
    },
    "@openmrs/esm-devtools": {
      "version": "1.1.0",
      "resolved": "https://registry.npmjs.org/@openmrs/esm-devtools/-/esm-devtools-1.1.0.tgz",
      "integrity": "sha512-XWj0dvtlf3K73KJZkCHuKGCnSV15UcewmBDAgAclHMWPZsWADVEzBVQt8jYUL0tTnZZI2kwnejIa/at0yGgawQ==",
      "requires": {
        "@types/react": "^16.9.2",
        "@types/react-dom": "^16.9.0",
        "@types/single-spa-react": "^2.8.3",
        "@types/systemjs": "^0.20.6",
        "react": "^16.9.0",
        "react-dom": "^16.9.0"
      }
    },
    "@openmrs/esm-error-handling": {
      "version": "1.0.1",
      "resolved": "https://registry.npmjs.org/@openmrs/esm-error-handling/-/esm-error-handling-1.0.1.tgz",
      "integrity": "sha512-fNqKkvFnkmZYHk3qk0/xMnPK0EQ+cEuTgLZS6R6fWwXaKt2gbNGyJiGOpVeioZyPcahoa2JqcoLCkZQ1NDsBUQ==",
      "requires": {
        "@openmrs/esm-styleguide": "^1.1.0"
      }
    },
    "@openmrs/esm-home": {
      "version": "1.0.0",
      "resolved": "https://registry.npmjs.org/@openmrs/esm-home/-/esm-home-1.0.0.tgz",
      "integrity": "sha512-FjYaByyRcwvFNrYLzMK4J49YRwHWt9+rJaoMJ/hdTFwqM09gKItUeYrgf58gBMfO5BvMnDsjtWMPbtQmQq/NnQ==",
      "requires": {
        "@openmrs/esm-api": "^1.0.3",
        "@types/react-router": "^5.0.3",
        "react": "^16.9.0",
        "react-dom": "^16.9.0"
      }
    },
    "@openmrs/esm-login": {
      "version": "1.1.0",
      "resolved": "https://registry.npmjs.org/@openmrs/esm-login/-/esm-login-1.1.0.tgz",
      "integrity": "sha512-ZmN32D4CSD6buJbMu/pDJzwxzdsLBg7p5u3TKpyMWTaSDXTxb/oywlDClrMjR40wFIls62zuLC1BN98OGAK88w==",
      "requires": {
        "@openmrs/esm-api": "^1.0.3",
        "@types/react": "^16.8.25",
        "@types/react-dom": "^16.8.5",
        "react": "^16.8.6",
        "react-dom": "^16.8.6",
        "rxjs": "^6.5.3"
      }
    },
    "@openmrs/esm-primary-navigation": {
      "version": "1.0.0",
      "resolved": "https://registry.npmjs.org/@openmrs/esm-primary-navigation/-/esm-primary-navigation-1.0.0.tgz",
      "integrity": "sha512-B0ydDVXT06rwt+poBWtPQF9PWUFgtoZnQNRaFSR7Jl26iviEW4NhCNRdMbOqLE+uH3YMkG/cN/fiChOYr5rPEA==",
      "requires": {
        "@openmrs/esm-api": "^1.0.3",
        "react": "^16.9.0",
        "react-dom": "^16.9.0",
        "rxjs": "^6.5.3"
      }
    },
    "@openmrs/esm-root-config": {
      "version": "1.1.1",
      "resolved": "https://registry.npmjs.org/@openmrs/esm-root-config/-/esm-root-config-1.1.1.tgz",
      "integrity": "sha512-xYydE1itN94OItdvWx9XMlueV41K+JaiWOvhC8wPG51MfeR6Af8Cijdy0w0GS7WGLxQk7jJgMlgPfFry0nL4zg==",
      "requires": {
        "rxjs": "^6.5.3",
        "single-spa": "^4.4.1"
      }
    },
    "@openmrs/esm-styleguide": {
      "version": "1.2.0",
      "resolved": "https://registry.npmjs.org/@openmrs/esm-styleguide/-/esm-styleguide-1.2.0.tgz",
      "integrity": "sha512-fuCpBA5z+a4a7DZkXBaCJNfyM1dymmgN0zJVQVPj46+vJ6FNYr2Zn0kPLbXm4Q2U3BBZMTMbh8HKIleBRVCXIA=="
    },
    "@types/history": {
      "version": "4.7.3",
      "resolved": "https://registry.npmjs.org/@types/history/-/history-4.7.3.tgz",
      "integrity": "sha512-cS5owqtwzLN5kY+l+KgKdRJ/Cee8tlmQoGQuIE9tWnSmS3JMKzmxo2HIAk2wODMifGwO20d62xZQLYz+RLfXmw=="
    },
    "@types/prop-types": {
      "version": "15.7.3",
      "resolved": "https://registry.npmjs.org/@types/prop-types/-/prop-types-15.7.3.tgz",
      "integrity": "sha512-KfRL3PuHmqQLOG+2tGpRO26Ctg+Cq1E01D2DMriKEATHgWLfeNDmq9e29Q9WIky0dQ3NPkd1mzYH8Lm936Z9qw=="
    },
    "@types/react": {
      "version": "16.9.4",
      "resolved": "https://registry.npmjs.org/@types/react/-/react-16.9.4.tgz",
      "integrity": "sha512-ItGNmJvQ0IvWt8rbk5PLdpdQhvBVxAaXI9hDlx7UMd8Ie1iMIuwMNiKeTfmVN517CdplpyXvA22X4zm4jGGZnw==",
      "requires": {
        "@types/prop-types": "*",
        "csstype": "^2.2.0"
      }
    },
    "@types/react-dom": {
      "version": "16.9.1",
      "resolved": "https://registry.npmjs.org/@types/react-dom/-/react-dom-16.9.1.tgz",
      "integrity": "sha512-1S/akvkKr63qIUWVu5IKYou2P9fHLb/P2VAwyxVV85JGaGZTcUniMiTuIqM3lXFB25ej6h+CYEQ27ERVwi6eGA==",
      "requires": {
        "@types/react": "*"
      }
    },
    "@types/react-router": {
      "version": "5.1.1",
      "resolved": "https://registry.npmjs.org/@types/react-router/-/react-router-5.1.1.tgz",
      "integrity": "sha512-S7SlFAPb7ZKr6HHMW0kLHGcz8pyJSL0UdM+JtlWthDqKUWwr7E6oPXuHgkofDI8dKCm16slg8K8VCf5pZJquaA==",
      "requires": {
        "@types/history": "*",
        "@types/react": "*"
      }
    },
    "@types/single-spa-react": {
      "version": "2.8.3",
      "resolved": "https://registry.npmjs.org/@types/single-spa-react/-/single-spa-react-2.8.3.tgz",
      "integrity": "sha512-2F2xc0HUzuWAtsrJR3E3vy9dDDQObDv6YqBynPpIz85m5RY6+I4lr3pv93k0uv0nMK2NtHp/cspou4Pj0lEaaQ==",
      "requires": {
        "@types/react": "*",
        "@types/react-dom": "*"
      }
    },
    "@types/systemjs": {
      "version": "0.20.6",
      "resolved": "https://registry.npmjs.org/@types/systemjs/-/systemjs-0.20.6.tgz",
      "integrity": "sha512-p3yv9sBBJXi3noUG216BpUI7VtVBUAvBIfZNTiDROUY31YBfsFHM4DreS7XMekN8IjtX0ysvCnm6r3WnirnNeA=="
    },
    "csstype": {
      "version": "2.6.6",
      "resolved": "https://registry.npmjs.org/csstype/-/csstype-2.6.6.tgz",
      "integrity": "sha512-RpFbQGUE74iyPgvr46U9t1xoQBM8T4BL8SxrN66Le2xYAPSaDJJKeztV3awugusb3g3G9iL8StmkBBXhcbbXhg=="
    },
    "import-map-overrides": {
      "version": "1.8.0",
      "resolved": "https://registry.npmjs.org/import-map-overrides/-/import-map-overrides-1.8.0.tgz",
      "integrity": "sha512-cWFaSbSRdwrIcNpcmqpMgwAxYjXhCG1tJrevn80ODknC3l3wmQe0rvwfg+3J6yi+aQpXBBHAEyIEXfWKupg1RQ=="
    },
    "js-tokens": {
      "version": "4.0.0",
      "resolved": "https://registry.npmjs.org/js-tokens/-/js-tokens-4.0.0.tgz",
      "integrity": "sha512-RdJUflcE3cUzKiMqQgsCu06FPu9UdIJO0beYbPhHN4k6apgJtifcoCtT9bcxOpYBtpD2kCM6Sbzg4CausW/PKQ=="
    },
    "loose-envify": {
      "version": "1.4.0",
      "resolved": "https://registry.npmjs.org/loose-envify/-/loose-envify-1.4.0.tgz",
      "integrity": "sha512-lyuxPGr/Wfhrlem2CL/UcnUc1zcqKAImBDzukY7Y5F/yQiNdko6+fRLevlw1HgMySw7f611UIY408EtxRSoK3Q==",
      "requires": {
        "js-tokens": "^3.0.0 || ^4.0.0"
      }
    },
    "object-assign": {
      "version": "4.1.1",
      "resolved": "https://registry.npmjs.org/object-assign/-/object-assign-4.1.1.tgz",
      "integrity": "sha1-IQmtx5ZYh8/AXLvUQsrIv7s2CGM="
    },
    "packmap": {
      "version": "file:../..",
      "dev": true,
      "requires": {
        "commander": "^3.0.2",
        "fs-extra": "^8.1.0",
        "sort-object-keys": "^1.1.2"
      },
      "dependencies": {
        "commander": {
          "version": "3.0.2",
          "resolved": "https://registry.npmjs.org/commander/-/commander-3.0.2.tgz",
          "integrity": "sha512-Gar0ASD4BDyKC4hl4DwHqDrmvjoxWKZigVnAbn5H1owvm4CxCPdb0HQDehwNYMJpla5+M2tPmPARzhtYuwpHow==",
          "dev": true
        },
        "fs-extra": {
          "version": "8.1.0",
          "resolved": "https://registry.npmjs.org/fs-extra/-/fs-extra-8.1.0.tgz",
          "integrity": "sha512-yhlQgA6mnOJUKOsRUFsgJdQCvkKhcz8tlZG5HBQfReYZy46OwLcY+Zia0mtdHsOo9y/hP+CxMN0TU9QxoOtG4g==",
          "dev": true,
          "requires": {
            "graceful-fs": "^4.2.0",
            "jsonfile": "^4.0.0",
            "universalify": "^0.1.0"
          }
        },
        "graceful-fs": {
          "version": "4.2.3",
          "resolved": "https://registry.npmjs.org/graceful-fs/-/graceful-fs-4.2.3.tgz",
          "integrity": "sha512-a30VEBm4PEdx1dRB7MFK7BejejvCvBronbLjht+sHuGYj8PHs7M/5Z+rt5lw551vZ7yfTCj4Vuyy3mSJytDWRQ==",
          "dev": true
        },
        "jsonfile": {
          "version": "4.0.0",
          "resolved": "https://registry.npmjs.org/jsonfile/-/jsonfile-4.0.0.tgz",
          "integrity": "sha1-h3Gq4HmbZAdrdmQPygWPnBDjPss=",
          "dev": true,
          "requires": {
            "graceful-fs": "^4.1.6"
          }
        },
        "sort-object-keys": {
          "version": "1.1.3",
          "resolved": "https://registry.npmjs.org/sort-object-keys/-/sort-object-keys-1.1.3.tgz",
          "integrity": "sha512-855pvK+VkU7PaKYPc+Jjnmt4EzejQHyhhF33q31qG8x7maDzkeFhAAThdCYay11CISO+qAMwjOBP+fPZe0IPyg==",
          "dev": true
        },
        "universalify": {
          "version": "0.1.2",
          "resolved": "https://registry.npmjs.org/universalify/-/universalify-0.1.2.tgz",
          "integrity": "sha512-rBJeI5CXAlmy1pV+617WB9J63U6XcazHHF2f2dbJix4XzpUF0RS3Zbj0FGIOCAva5P/d/GBOYaACQ1w+0azUkg==",
          "dev": true
        }
      }
    },
    "prop-types": {
      "version": "15.7.2",
      "resolved": "https://registry.npmjs.org/prop-types/-/prop-types-15.7.2.tgz",
      "integrity": "sha512-8QQikdH7//R2vurIJSutZ1smHYTcLpRWEOlHnzcWHmBYrOGUysKwSsrC89BCiFj3CbrfJ/nXFdJepOVrY1GCHQ==",
      "requires": {
        "loose-envify": "^1.4.0",
        "object-assign": "^4.1.1",
        "react-is": "^16.8.1"
      }
    },
    "react": {
      "version": "16.10.1",
      "resolved": "https://registry.npmjs.org/react/-/react-16.10.1.tgz",
      "integrity": "sha512-2bisHwMhxQ3XQz4LiJJwG3360pY965pTl/MRrZYxIBKVj4fOHoDs5aZAkYXGxDRO1Li+SyjTAilQEbOmtQJHzA==",
      "requires": {
        "loose-envify": "^1.1.0",
        "object-assign": "^4.1.1",
        "prop-types": "^15.6.2"
      }
    },
    "react-dom": {
      "version": "16.10.1",
      "resolved": "https://registry.npmjs.org/react-dom/-/react-dom-16.10.1.tgz",
      "integrity": "sha512-SmM4ZW0uug0rn95U8uqr52I7UdNf6wdGLeXDmNLfg3y5q5H9eAbdjF5ubQc3bjDyRrvdAB2IKG7X0GzSpnn5Mg==",
      "requires": {
        "loose-envify": "^1.1.0",
        "object-assign": "^4.1.1",
        "prop-types": "^15.6.2",
        "scheduler": "^0.16.1"
      }
    },
    "react-is": {
      "version": "16.10.1",
      "resolved": "https://registry.npmjs.org/react-is/-/react-is-16.10.1.tgz",
      "integrity": "sha512-BXUMf9sIOPXXZWqr7+c5SeOKJykyVr2u0UDzEf4LNGc6taGkQe1A9DFD07umCIXz45RLr9oAAwZbAJ0Pkknfaw=="
    },
    "rxjs": {
      "version": "6.5.3",
      "resolved": "https://registry.npmjs.org/rxjs/-/rxjs-6.5.3.tgz",
      "integrity": "sha512-wuYsAYYFdWTAnAaPoKGNhfpWwKZbJW+HgAJ+mImp+Epl7BG8oNWBCTyRM8gba9k4lk8BgWdoYm21Mo/RYhhbgA==",
      "requires": {
        "tslib": "^1.9.0"
      }
    },
    "scheduler": {
      "version": "0.16.1",
      "resolved": "https://registry.npmjs.org/scheduler/-/scheduler-0.16.1.tgz",
      "integrity": "sha512-MIuie7SgsqMYOdCXVFZa8SKoNorJZUWHW8dPgto7uEHn1lX3fg2Gu0TzgK8USj76uxV7vB5eRMnZs/cdEHg+cg==",
      "requires": {
        "loose-envify": "^1.1.0",
        "object-assign": "^4.1.1"
      }
    },
    "single-spa": {
      "version": "4.4.1",
      "resolved": "https://registry.npmjs.org/single-spa/-/single-spa-4.4.1.tgz",
      "integrity": "sha512-em6ZGRbLUilaiPrR+XKHT4/qjX07ijbO75PLtN6/d3DykDVioqK8bE1W+KTOJpRf0vDoq3lV+oP9TVz/fvP/YA=="
    },
    "systemjs": {
      "version": "6.1.1",
      "resolved": "https://registry.npmjs.org/systemjs/-/systemjs-6.1.1.tgz",
      "integrity": "sha512-R1YeS6gvfBHRboezVrKzZoOSL4BzpU4XOI3OG0G0YAU7UEaOW2UhwmV8n/YVxzMjDNy76QO3ONIA+sxW8bMcQA=="
    },
    "tslib": {
      "version": "1.10.0",
      "resolved": "https://registry.npmjs.org/tslib/-/tslib-1.10.0.tgz",
      "integrity": "sha512-qOebF53frne81cf0S9B41ByenJ3/IuH8yJKngAX35CmiZySA0khhkovshKK+jGCaMnVomla7gVlIcc3EvKPbTQ=="
    }
  }
}
