{
  "name": "openmrs-example",
  "requires": true,
  "lockfileVersion": 1,
  "dependencies": {
    "@babel/runtime": {
      "version": "7.10.4",
      "resolved": "https://registry.npmjs.org/@babel/runtime/-/runtime-7.10.4.tgz",
      "integrity": "sha512-UpTN5yUJr9b4EX2CnGNWIvER7Ab83ibv0pcvvHc4UOdrBI5jb8bj+32cCwPX6xu0mt2daFNjYhoi+X7beH0RSw==",
      "requires": {
        "regenerator-runtime": "^0.13.4"
      }
    },
    "@openmrs/esm-api": {
      "version": "3.0.0",
      "resolved": "https://registry.npmjs.org/@openmrs/esm-api/-/esm-api-3.0.0.tgz",
      "integrity": "sha512-udLq0A0xZOQ1SbHPA96/h9HjzfaA5g165gvU7t76GMekKt0GRusX/ap9wiLWM52Lozc+1MSxiRgISpW7Kj1dEQ==",
      "requires": {
        "@openmrs/esm-error-handling": "^1.1.0",
        "@openmrs/esm-module-config": "^1.1.0",
        "@types/fhir": "0.0.31",
        "i18next": "^19.4.4",
        "react": "^16.11.0",
        "single-spa": "^4.4.1"
      }
    },
    "@openmrs/esm-devtools-app": {
      "version": "2.0.0",
      "resolved": "https://registry.npmjs.org/@openmrs/esm-devtools-app/-/esm-devtools-app-2.0.0.tgz",
      "integrity": "sha512-bonWaj+RRWGwuPhByLPVeRFJ4NCCMaugnBfzn8waUPZunpFxsDBItq5yxW4RvyBAUOR9zC4d3+oY84scBELXFA==",
      "requires": {
        "@openmrs/esm-module-config": "^1.3.1",
        "@types/react": "^16.9.34",
        "@types/react-dom": "^16.9.6",
        "@types/single-spa-react": "^2.12.0",
        "@types/systemjs": "^6.1.0",
        "i18next": "^19.4.1",
        "react": "^16.13.1",
        "react-dom": "^16.13.1",
        "react-i18next": "^11.3.4"
      },
      "dependencies": {
        "@types/react": {
          "version": "16.9.41",
          "resolved": "https://registry.npmjs.org/@types/react/-/react-16.9.41.tgz",
          "integrity": "sha512-6cFei7F7L4wwuM+IND/Q2cV1koQUvJ8iSV+Gwn0c3kvABZ691g7sp3hfEQHOUBJtccl1gPi+EyNjMIl9nGA0ug==",
          "requires": {
            "@types/prop-types": "*",
            "csstype": "^2.2.0"
          }
        },
        "@types/react-dom": {
          "version": "16.9.8",
          "resolved": "https://registry.npmjs.org/@types/react-dom/-/react-dom-16.9.8.tgz",
          "integrity": "sha512-ykkPQ+5nFknnlU6lDd947WbQ6TE3NNzbQAkInC2EKY1qeYdTKp7onFusmYZb+ityzx2YviqT6BXSu+LyWWJwcA==",
          "requires": {
            "@types/react": "*"
          }
        },
        "@types/single-spa-react": {
          "version": "2.12.0",
          "resolved": "https://registry.npmjs.org/@types/single-spa-react/-/single-spa-react-2.12.0.tgz",
          "integrity": "sha512-FISPO51Cq961trYHVFr30iazZHuGyAJ0ZH38wpxhJdZUZcAwfR7UG19sHGWRtTip1kv3xRshS3L9tzaYcKbPVg==",
          "requires": {
            "@types/react": "*",
            "@types/react-dom": "*"
          }
        },
        "@types/systemjs": {
          "version": "6.1.0",
          "resolved": "https://registry.npmjs.org/@types/systemjs/-/systemjs-6.1.0.tgz",
          "integrity": "sha512-akhlviqwowzRNiz3ooAbkjvyMO8cikBqap9z/0yfvMAb6vIsp91Rfox67qtgIhZosWP01MVSTwsgSFYWo4SWQA=="
        }
      }
    },
    "@openmrs/esm-error-handling": {
      "version": "1.1.1",
      "resolved": "https://registry.npmjs.org/@openmrs/esm-error-handling/-/esm-error-handling-1.1.1.tgz",
      "integrity": "sha512-l9rbEZK/2Fl4xBRGJ5/haxNz069UUuCbq64R4HMmUk3OQDtag4GYf4ENAMQIe8piPIC2p+pEegv0VPVj6pXgqw==",
      "requires": {
        "@openmrs/esm-styleguide": "^1.1.0"
      }
    },
    "@openmrs/esm-home-app": {
      "version": "3.0.0",
      "resolved": "https://registry.npmjs.org/@openmrs/esm-home-app/-/esm-home-app-3.0.0.tgz",
      "integrity": "sha512-YgYQWEBlq7YziAhnbHCvMYCBNfmmtGYhVjGrKERjtCMexyjioshTews3WQVYTjwj5jt33XR/Hq6G0b5WjTWm7g==",
      "requires": {
        "@openmrs/esm-api": "^1.2.2",
        "@openmrs/esm-module-config": "^1.2.0",
        "@types/react-router": "^5.0.3",
        "react": "^16.9.0",
        "react-dom": "^16.9.0"
      },
      "dependencies": {
        "@openmrs/esm-api": {
          "version": "1.3.0",
          "resolved": "https://registry.npmjs.org/@openmrs/esm-api/-/esm-api-1.3.0.tgz",
          "integrity": "sha512-Fw7pHLNCTiq8gOR7UKDV6Tev+wBsTs+C3SSNlZDciLA+sjbthd4HUZ2c63u7ymlC4n02wX2lgpOolLjlWYnvbw==",
          "requires": {
            "@openmrs/esm-error-handling": "^1.1.0",
            "@openmrs/esm-module-config": "^1.1.0",
            "@types/fhir": "0.0.31",
            "react": "^16.11.0",
            "single-spa": "^4.4.1"
          }
        }
      }
    },
    "@openmrs/esm-login-app": {
      "version": "3.0.0",
      "resolved": "https://registry.npmjs.org/@openmrs/esm-login-app/-/esm-login-app-3.0.0.tgz",
      "integrity": "sha512-zLbioHQVj3okdlFEW52VeqU3UQq6DyQh/Y6VpkTX9R8IpJDVjg1Z9ZI/zrNcByQ9yvSxr9Uolkvq6BwDHWHROw==",
      "requires": {
        "@openmrs/esm-api": "^3.0.0",
        "@openmrs/esm-error-handling": "^1.1.0",
        "@openmrs/esm-module-config": "^1.3.1",
        "react": "^16.13.1",
        "react-dom": "^16.13.1",
        "rxjs": "^6.5.4"
      },
      "dependencies": {
        "rxjs": {
          "version": "6.5.5",
          "resolved": "https://registry.npmjs.org/rxjs/-/rxjs-6.5.5.tgz",
          "integrity": "sha512-WfQI+1gohdf0Dai/Bbmk5L5ItH5tYqm3ki2c5GdWhKjalzjg93N3avFjVStyZZz+A2Em+ZxKH5bNghw9UeylGQ==",
          "requires": {
            "tslib": "^1.9.0"
          }
        }
      }
    },
    "@openmrs/esm-module-config": {
      "version": "1.3.1",
      "resolved": "https://registry.npmjs.org/@openmrs/esm-module-config/-/esm-module-config-1.3.1.tgz",
      "integrity": "sha512-5U2P5xF0p8aojmATa/PL3eqHEh51g7ScEHxkjYU0WwgBTA9i8XsAlDqV0/x/Dk7BOZFbgbY9pIacJatsn370Eg==",
      "requires": {
        "@types/react": "^16.9.11",
        "react": "^16.8.0",
        "react-dom": "^16.11.0"
      },
      "dependencies": {
        "@types/react": {
          "version": "16.9.41",
          "resolved": "https://registry.npmjs.org/@types/react/-/react-16.9.41.tgz",
          "integrity": "sha512-6cFei7F7L4wwuM+IND/Q2cV1koQUvJ8iSV+Gwn0c3kvABZ691g7sp3hfEQHOUBJtccl1gPi+EyNjMIl9nGA0ug==",
          "requires": {
            "@types/prop-types": "*",
            "csstype": "^2.2.0"
          }
        }
      }
    },
    "@openmrs/esm-patient-chart-app": {
      "version": "0.1.0",
      "resolved": "https://registry.npmjs.org/@openmrs/esm-patient-chart-app/-/esm-patient-chart-app-0.1.0.tgz",
      "integrity": "sha512-ip7jD4Jkj39EoydQzR6Vjo9osz+3bA7/zPUfV6m8pRP2+wAWJQC6pk0h2Rb5zLEQvYHWkwSbC51L5uWwg47U0A==",
      "requires": {
        "@openmrs/esm-api": "^1.3.0",
        "@openmrs/esm-module-config": "^1.2.0",
        "@openmrs/esm-patient-chart-widgets": "^1.0.2",
        "i18next": "^19.3.2",
        "react": "^16.13.0",
        "react-dom": "^16.13.0",
        "react-i18next": "^11.3.3",
        "rxjs": "^6.5.4"
      },
      "dependencies": {
        "@openmrs/esm-api": {
          "version": "1.3.0",
          "resolved": "https://registry.npmjs.org/@openmrs/esm-api/-/esm-api-1.3.0.tgz",
          "integrity": "sha512-Fw7pHLNCTiq8gOR7UKDV6Tev+wBsTs+C3SSNlZDciLA+sjbthd4HUZ2c63u7ymlC4n02wX2lgpOolLjlWYnvbw==",
          "requires": {
            "@openmrs/esm-error-handling": "^1.1.0",
            "@openmrs/esm-module-config": "^1.1.0",
            "@types/fhir": "0.0.31",
            "react": "^16.11.0",
            "single-spa": "^4.4.1"
          }
        },
        "rxjs": {
          "version": "6.5.5",
          "resolved": "https://registry.npmjs.org/rxjs/-/rxjs-6.5.5.tgz",
          "integrity": "sha512-WfQI+1gohdf0Dai/Bbmk5L5ItH5tYqm3ki2c5GdWhKjalzjg93N3avFjVStyZZz+A2Em+ZxKH5bNghw9UeylGQ==",
          "requires": {
            "tslib": "^1.9.0"
          }
        }
      }
    },
    "@openmrs/esm-patient-chart-widgets": {
      "version": "1.0.3",
      "resolved": "https://registry.npmjs.org/@openmrs/esm-patient-chart-widgets/-/esm-patient-chart-widgets-1.0.3.tgz",
      "integrity": "sha512-WuatQ89ySdrgvCyPeM9pGV4SctjlGw648VfLEL/9Mfdd7kLdHltel3vxDCeBAITqijGNC3q3Ngdljf7gpUuZhg==",
      "requires": {
        "@openmrs/esm-api": "^3.0.0",
        "@openmrs/esm-module-config": "^1.3.1",
        "@types/lodash-es": "^4.17.3",
        "@types/react-router": "^5.1.5",
        "dayjs": "^1.8.24",
        "i18next": "^19.4.2",
        "lodash-es": "^4.17.15",
        "react": "^16.13.1",
        "react-dom": "^16.13.1",
        "react-grid-gallery": "^0.5.5",
        "react-i18next": "^11.3.4",
        "react-router-dom": "^5.1.2",
        "rxjs": "^6.5.5"
      },
      "dependencies": {
        "@types/react-router": {
          "version": "5.1.8",
          "resolved": "https://registry.npmjs.org/@types/react-router/-/react-router-5.1.8.tgz",
          "integrity": "sha512-HzOyJb+wFmyEhyfp4D4NYrumi+LQgQL/68HvJO+q6XtuHSDvw6Aqov7sCAhjbNq3bUPgPqbdvjXC5HeB2oEAPg==",
          "requires": {
            "@types/history": "*",
            "@types/react": "*"
          }
        },
        "rxjs": {
          "version": "6.5.5",
          "resolved": "https://registry.npmjs.org/rxjs/-/rxjs-6.5.5.tgz",
          "integrity": "sha512-WfQI+1gohdf0Dai/Bbmk5L5ItH5tYqm3ki2c5GdWhKjalzjg93N3avFjVStyZZz+A2Em+ZxKH5bNghw9UeylGQ==",
          "requires": {
            "tslib": "^1.9.0"
          }
        }
      }
    },
    "@openmrs/esm-primary-navigation-app": {
      "version": "2.0.0",
      "resolved": "https://registry.npmjs.org/@openmrs/esm-primary-navigation-app/-/esm-primary-navigation-app-2.0.0.tgz",
      "integrity": "sha512-8DoG9AhKt3Bo9raf22zafXFfbmmoPUqwlUVKE/kkWFNZU+NlLu7jalI0CknosO7K5C3/wLiAchvTqNRnVGs1ow==",
      "requires": {
        "@openmrs/esm-api": "^1.1.0",
        "@openmrs/esm-error-handling": "^1.1.0",
        "i18next": "^19.0.1",
        "react": "^16.12.0",
        "react-dom": "^16.12.0",
        "react-i18next": "^11.2.2",
        "rxjs": "^6.5.3"
      },
      "dependencies": {
        "@openmrs/esm-api": {
          "version": "1.3.0",
          "resolved": "https://registry.npmjs.org/@openmrs/esm-api/-/esm-api-1.3.0.tgz",
          "integrity": "sha512-Fw7pHLNCTiq8gOR7UKDV6Tev+wBsTs+C3SSNlZDciLA+sjbthd4HUZ2c63u7ymlC4n02wX2lgpOolLjlWYnvbw==",
          "requires": {
            "@openmrs/esm-error-handling": "^1.1.0",
            "@openmrs/esm-module-config": "^1.1.0",
            "@types/fhir": "0.0.31",
            "react": "^16.11.0",
            "single-spa": "^4.4.1"
          }
        }
      }
    },
    "@openmrs/esm-styleguide": {
      "version": "1.3.0",
      "resolved": "https://registry.npmjs.org/@openmrs/esm-styleguide/-/esm-styleguide-1.3.0.tgz",
      "integrity": "sha512-/WhP/wT90w5h0usaJZ04K3BZ3E/Fs8k1TBJUSQAdC6vzSxJrbD//RXbOSSSx2eUoMP4bphPVf8uxvKHI0hLXgg==",
      "requires": {
        "highlight.js": "^9.15.10",
        "react": "^16.9.0",
        "react-dom": "^16.9.0",
        "rxjs": "^6.5.3"
      }
    },
    "@types/fhir": {
      "version": "0.0.31",
      "resolved": "https://registry.npmjs.org/@types/fhir/-/fhir-0.0.31.tgz",
      "integrity": "sha512-YF6+X+hMYLvNGB5r8LxGKPMrSqqFkyLefTQZ/8bAnr0XW8Xc2Mgf8OJ06+cj1b5ftJoeLblHpIYgKdhXdFAzrw=="
    },
    "@types/history": {
      "version": "4.7.3",
      "resolved": "https://registry.npmjs.org/@types/history/-/history-4.7.3.tgz",
      "integrity": "sha512-cS5owqtwzLN5kY+l+KgKdRJ/Cee8tlmQoGQuIE9tWnSmS3JMKzmxo2HIAk2wODMifGwO20d62xZQLYz+RLfXmw=="
    },
    "@types/lodash": {
      "version": "4.14.157",
      "resolved": "https://registry.npmjs.org/@types/lodash/-/lodash-4.14.157.tgz",
      "integrity": "sha512-Ft5BNFmv2pHDgxV5JDsndOWTRJ+56zte0ZpYLowp03tW+K+t8u8YMOzAnpuqPgzX6WO1XpDIUm7u04M8vdDiVQ=="
    },
    "@types/lodash-es": {
      "version": "4.17.3",
      "resolved": "https://registry.npmjs.org/@types/lodash-es/-/lodash-es-4.17.3.tgz",
      "integrity": "sha512-iHI0i7ZAL1qepz1Y7f3EKg/zUMDwDfTzitx+AlHhJJvXwenP682ZyGbgPSc5Ej3eEAKVbNWKFuwOadCj5vBbYQ==",
      "requires": {
        "@types/lodash": "*"
      }
    },
    "@types/prop-types": {
      "version": "15.7.3",
      "resolved": "https://registry.npmjs.org/@types/prop-types/-/prop-types-15.7.3.tgz",
      "integrity": "sha512-KfRL3PuHmqQLOG+2tGpRO26Ctg+Cq1E01D2DMriKEATHgWLfeNDmq9e29Q9WIky0dQ3NPkd1mzYH8Lm936Z9qw=="
    },
    "@types/react": {
      "version": "16.9.4",
      "resolved": "https://registry.npmjs.org/@types/react/-/react-16.9.4.tgz",
      "integrity": "sha512-ItGNmJvQ0IvWt8rbk5PLdpdQhvBVxAaXI9hDlx7UMd8Ie1iMIuwMNiKeTfmVN517CdplpyXvA22X4zm4jGGZnw==",
      "requires": {
        "@types/prop-types": "*",
        "csstype": "^2.2.0"
      }
    },
    "@types/react-router": {
      "version": "5.1.1",
      "resolved": "https://registry.npmjs.org/@types/react-router/-/react-router-5.1.1.tgz",
      "integrity": "sha512-S7SlFAPb7ZKr6HHMW0kLHGcz8pyJSL0UdM+JtlWthDqKUWwr7E6oPXuHgkofDI8dKCm16slg8K8VCf5pZJquaA==",
      "requires": {
        "@types/history": "*",
        "@types/react": "*"
      }
    },
    "aphrodite": {
      "version": "0.5.0",
      "resolved": "https://registry.npmjs.org/aphrodite/-/aphrodite-0.5.0.tgz",
      "integrity": "sha1-pLmokCZiOV0nAucKx6K0ymbyVwM=",
      "requires": {
        "asap": "^2.0.3",
        "inline-style-prefixer": "^2.0.0"
      }
    },
    "asap": {
      "version": "2.0.6",
      "resolved": "https://registry.npmjs.org/asap/-/asap-2.0.6.tgz",
      "integrity": "sha1-5QNHYR1+aQlDIIu9r+vLwvuGbUY="
    },
    "bowser": {
      "version": "1.9.4",
      "resolved": "https://registry.npmjs.org/bowser/-/bowser-1.9.4.tgz",
      "integrity": "sha512-9IdMmj2KjigRq6oWhmwv1W36pDuA4STQZ8q6YO9um+x07xgYNCD3Oou+WP/3L1HNz7iqythGet3/p4wvc8AAwQ=="
    },
    "csstype": {
      "version": "2.6.6",
      "resolved": "https://registry.npmjs.org/csstype/-/csstype-2.6.6.tgz",
      "integrity": "sha512-RpFbQGUE74iyPgvr46U9t1xoQBM8T4BL8SxrN66Le2xYAPSaDJJKeztV3awugusb3g3G9iL8StmkBBXhcbbXhg=="
    },
    "dayjs": {
      "version": "1.8.28",
      "resolved": "https://registry.npmjs.org/dayjs/-/dayjs-1.8.28.tgz",
      "integrity": "sha512-ccnYgKC0/hPSGXxj7Ju6AV/BP4HUkXC2u15mikXT5mX9YorEaoi1bEKOmAqdkJHN4EEkmAf97SpH66Try5Mbeg=="
    },
    "dom-helpers": {
      "version": "3.4.0",
      "resolved": "https://registry.npmjs.org/dom-helpers/-/dom-helpers-3.4.0.tgz",
      "integrity": "sha512-LnuPJ+dwqKDIyotW1VzmOZ5TONUN7CwkCR5hrgawTUbkBGYdeoNLZo6nNfGkCrjtE1nXXaj7iMMpDa8/d9WoIA==",
      "requires": {
        "@babel/runtime": "^7.1.2"
      }
    },
    "exenv": {
      "version": "1.2.2",
      "resolved": "https://registry.npmjs.org/exenv/-/exenv-1.2.2.tgz",
      "integrity": "sha1-KueOhdmJQVhnCwPUe+wfA72Ru50="
    },
    "highlight.js": {
      "version": "9.18.5",
      "resolved": "https://registry.npmjs.org/highlight.js/-/highlight.js-9.18.5.tgz",
      "integrity": "sha512-a5bFyofd/BHCX52/8i8uJkjr9DYwXIPnM/plwI6W7ezItLGqzt7X2G2nXuYSfsIJdkwwj/g9DG1LkcGJI/dDoA=="
    },
    "history": {
      "version": "4.10.1",
      "resolved": "https://registry.npmjs.org/history/-/history-4.10.1.tgz",
      "integrity": "sha512-36nwAD620w12kuzPAsyINPWJqlNbij+hpK1k9XRloDtym8mxzGYl2c17LnV6IAGB2Dmg4tEa7G7DlawS0+qjew==",
      "requires": {
        "@babel/runtime": "^7.1.2",
        "loose-envify": "^1.2.0",
        "resolve-pathname": "^3.0.0",
        "tiny-invariant": "^1.0.2",
        "tiny-warning": "^1.0.0",
        "value-equal": "^1.0.1"
      }
    },
    "hoist-non-react-statics": {
      "version": "3.3.2",
      "resolved": "https://registry.npmjs.org/hoist-non-react-statics/-/hoist-non-react-statics-3.3.2.tgz",
      "integrity": "sha512-/gGivxi8JPKWNm/W0jSmzcMPpfpPLc3dY/6GxhX2hQ9iGj3aDfklV4ET7NjKpSinLpJ5vafa9iiGIEZg10SfBw==",
      "requires": {
        "react-is": "^16.7.0"
      }
    },
    "html-parse-stringify2": {
      "version": "2.0.1",
      "resolved": "https://registry.npmjs.org/html-parse-stringify2/-/html-parse-stringify2-2.0.1.tgz",
      "integrity": "sha1-3FZwtyksoVi3vJFsmmc1rIhyg0o=",
      "requires": {
        "void-elements": "^2.0.1"
      }
    },
    "hyphenate-style-name": {
      "version": "1.0.3",
      "resolved": "https://registry.npmjs.org/hyphenate-style-name/-/hyphenate-style-name-1.0.3.tgz",
      "integrity": "sha512-EcuixamT82oplpoJ2XU4pDtKGWQ7b00CD9f1ug9IaQ3p1bkHMiKCZ9ut9QDI6qsa6cpUuB+A/I+zLtdNK4n2DQ=="
    },
    "i18next": {
      "version": "19.5.2",
      "resolved": "https://registry.npmjs.org/i18next/-/i18next-19.5.2.tgz",
      "integrity": "sha512-gkUpnWt+y3Yuz6Lp6VV0VPxJ8oOr/6YQ7PeUkEOBY/u/fE2RqxvoCNTJVhBiuJySWwf4cbtWjmlASoFqf1Y1cg==",
      "requires": {
        "@babel/runtime": "^7.10.1"
      }
    },
    "import-map-overrides": {
      "version": "1.8.0",
      "resolved": "https://registry.npmjs.org/import-map-overrides/-/import-map-overrides-1.8.0.tgz",
      "integrity": "sha512-cWFaSbSRdwrIcNpcmqpMgwAxYjXhCG1tJrevn80ODknC3l3wmQe0rvwfg+3J6yi+aQpXBBHAEyIEXfWKupg1RQ=="
    },
    "inline-style-prefixer": {
      "version": "2.0.5",
      "resolved": "https://registry.npmjs.org/inline-style-prefixer/-/inline-style-prefixer-2.0.5.tgz",
      "integrity": "sha1-wVPH6I/YT+9cYC6VqBaLJ3BnH+c=",
      "requires": {
        "bowser": "^1.0.0",
        "hyphenate-style-name": "^1.0.1"
      }
    },
    "isarray": {
      "version": "0.0.1",
      "resolved": "https://registry.npmjs.org/isarray/-/isarray-0.0.1.tgz",
      "integrity": "sha1-ihis/Kmo9Bd+Cav8YDiTmwXR7t8="
    },
    "js-tokens": {
      "version": "4.0.0",
      "resolved": "https://registry.npmjs.org/js-tokens/-/js-tokens-4.0.0.tgz",
      "integrity": "sha512-RdJUflcE3cUzKiMqQgsCu06FPu9UdIJO0beYbPhHN4k6apgJtifcoCtT9bcxOpYBtpD2kCM6Sbzg4CausW/PKQ=="
    },
    "lodash-es": {
      "version": "4.17.21",
      "resolved": "https://registry.npmjs.org/lodash-es/-/lodash-es-4.17.21.tgz",
      "integrity": "sha512-mKnC+QJ9pWVzv+C4/U3rRsHapFfHvQFoFB92e52xeyGMcX6/OlIl78je1u8vePzYZSkkogMPJ2yjxxsb89cxyw=="
    },
    "loose-envify": {
      "version": "1.4.0",
      "resolved": "https://registry.npmjs.org/loose-envify/-/loose-envify-1.4.0.tgz",
      "integrity": "sha512-lyuxPGr/Wfhrlem2CL/UcnUc1zcqKAImBDzukY7Y5F/yQiNdko6+fRLevlw1HgMySw7f611UIY408EtxRSoK3Q==",
      "requires": {
        "js-tokens": "^3.0.0 || ^4.0.0"
      }
    },
    "mini-create-react-context": {
      "version": "0.4.0",
      "resolved": "https://registry.npmjs.org/mini-create-react-context/-/mini-create-react-context-0.4.0.tgz",
      "integrity": "sha512-b0TytUgFSbgFJGzJqXPKCFCBWigAjpjo+Fl7Vf7ZbKRDptszpppKxXH6DRXEABZ/gcEQczeb0iZ7JvL8e8jjCA==",
      "requires": {
        "@babel/runtime": "^7.5.5",
        "tiny-warning": "^1.0.3"
      }
    },
    "object-assign": {
      "version": "4.1.1",
      "resolved": "https://registry.npmjs.org/object-assign/-/object-assign-4.1.1.tgz",
      "integrity": "sha1-IQmtx5ZYh8/AXLvUQsrIv7s2CGM="
    },
    "packmap": {
      "version": "file:../..",
      "dev": true,
      "requires": {
        "commander": "^3.0.2",
        "fs-extra": "^8.1.0",
        "sort-object-keys": "^1.1.2"
      },
      "dependencies": {
        "commander": {
          "version": "3.0.2",
          "resolved": "https://registry.npmjs.org/commander/-/commander-3.0.2.tgz",
          "integrity": "sha512-Gar0ASD4BDyKC4hl4DwHqDrmvjoxWKZigVnAbn5H1owvm4CxCPdb0HQDehwNYMJpla5+M2tPmPARzhtYuwpHow==",
          "dev": true
        },
        "fs-extra": {
          "version": "8.1.0",
          "resolved": "https://registry.npmjs.org/fs-extra/-/fs-extra-8.1.0.tgz",
          "integrity": "sha512-yhlQgA6mnOJUKOsRUFsgJdQCvkKhcz8tlZG5HBQfReYZy46OwLcY+Zia0mtdHsOo9y/hP+CxMN0TU9QxoOtG4g==",
          "dev": true,
          "requires": {
            "graceful-fs": "^4.2.0",
            "jsonfile": "^4.0.0",
            "universalify": "^0.1.0"
          }
        },
        "graceful-fs": {
          "version": "4.2.3",
          "resolved": "https://registry.npmjs.org/graceful-fs/-/graceful-fs-4.2.3.tgz",
          "integrity": "sha512-a30VEBm4PEdx1dRB7MFK7BejejvCvBronbLjht+sHuGYj8PHs7M/5Z+rt5lw551vZ7yfTCj4Vuyy3mSJytDWRQ==",
          "dev": true
        },
        "jsonfile": {
          "version": "4.0.0",
          "resolved": "https://registry.npmjs.org/jsonfile/-/jsonfile-4.0.0.tgz",
          "integrity": "sha1-h3Gq4HmbZAdrdmQPygWPnBDjPss=",
          "dev": true,
          "requires": {
            "graceful-fs": "^4.1.6"
          }
        },
        "sort-object-keys": {
          "version": "1.1.3",
          "resolved": "https://registry.npmjs.org/sort-object-keys/-/sort-object-keys-1.1.3.tgz",
          "integrity": "sha512-855pvK+VkU7PaKYPc+Jjnmt4EzejQHyhhF33q31qG8x7maDzkeFhAAThdCYay11CISO+qAMwjOBP+fPZe0IPyg==",
          "dev": true
        },
        "universalify": {
          "version": "0.1.2",
          "resolved": "https://registry.npmjs.org/universalify/-/universalify-0.1.2.tgz",
          "integrity": "sha512-rBJeI5CXAlmy1pV+617WB9J63U6XcazHHF2f2dbJix4XzpUF0RS3Zbj0FGIOCAva5P/d/GBOYaACQ1w+0azUkg==",
          "dev": true
        }
      }
    },
    "path-to-regexp": {
      "version": "1.8.0",
      "resolved": "https://registry.npmjs.org/path-to-regexp/-/path-to-regexp-1.8.0.tgz",
      "integrity": "sha512-n43JRhlUKUAlibEJhPeir1ncUID16QnEjNpwzNdO3Lm4ywrBpBZ5oLD0I6br9evr1Y9JTqwRtAh7JLoOzAQdVA==",
      "requires": {
        "isarray": "0.0.1"
      }
    },
    "prop-types": {
      "version": "15.7.2",
      "resolved": "https://registry.npmjs.org/prop-types/-/prop-types-15.7.2.tgz",
      "integrity": "sha512-8QQikdH7//R2vurIJSutZ1smHYTcLpRWEOlHnzcWHmBYrOGUysKwSsrC89BCiFj3CbrfJ/nXFdJepOVrY1GCHQ==",
      "requires": {
        "loose-envify": "^1.4.0",
        "object-assign": "^4.1.1",
        "react-is": "^16.8.1"
      }
    },
    "react": {
      "version": "16.13.1",
      "resolved": "https://registry.npmjs.org/react/-/react-16.13.1.tgz",
      "integrity": "sha512-YMZQQq32xHLX0bz5Mnibv1/LHb3Sqzngu7xstSM+vrkE5Kzr9xE0yMByK5kMoTK30YVJE61WfbxIFFvfeDKT1w==",
      "requires": {
        "loose-envify": "^1.1.0",
        "object-assign": "^4.1.1",
        "prop-types": "^15.6.2"
      }
    },
    "react-dom": {
      "version": "16.13.1",
      "resolved": "https://registry.npmjs.org/react-dom/-/react-dom-16.13.1.tgz",
      "integrity": "sha512-81PIMmVLnCNLO/fFOQxdQkvEq/+Hfpv24XNJfpyZhTRfO0QcmQIF/PgCa1zCOj2w1hrn12MFLyaJ/G0+Mxtfag==",
      "requires": {
        "loose-envify": "^1.1.0",
        "object-assign": "^4.1.1",
        "prop-types": "^15.6.2",
        "scheduler": "^0.19.1"
      }
    },
    "react-grid-gallery": {
      "version": "0.5.5",
      "resolved": "https://registry.npmjs.org/react-grid-gallery/-/react-grid-gallery-0.5.5.tgz",
      "integrity": "sha512-DkKg2/Am+VZPDG39fazelTcsZSQrfM/YllnIcWToyUEfOZcrzHxUoqCziCkuTPmCuMbHnrjidBFuDbAFgvSnvQ==",
      "requires": {
        "prop-types": "^15.5.8",
        "react-images": "^0.5.16"
      }
    },
    "react-i18next": {
      "version": "11.7.0",
      "resolved": "https://registry.npmjs.org/react-i18next/-/react-i18next-11.7.0.tgz",
      "integrity": "sha512-8tvVkpuxQlubcszZON+jmoCgiA9gCZ74OAYli9KChPhETtq8pJsANBTe9KRLRLmX3ubumgvidURWr0VvKz1tww==",
      "requires": {
        "@babel/runtime": "^7.3.1",
        "html-parse-stringify2": "2.0.1"
      }
    },
    "react-images": {
      "version": "0.5.19",
      "resolved": "https://registry.npmjs.org/react-images/-/react-images-0.5.19.tgz",
      "integrity": "sha512-B3d4W1uFJj+m17K8S65iAyEJShKGBjPk7n7N1YsPiAydEm8mIq9a6CoeQFMY1d7N2QMs6FBCjT9vELyc5jP5JA==",
      "requires": {
        "aphrodite": "^0.5.0",
        "prop-types": "^15.6.0",
        "react-scrolllock": "^2.0.1",
        "react-transition-group": "2"
      }
    },
    "react-is": {
      "version": "16.13.1",
      "resolved": "https://registry.npmjs.org/react-is/-/react-is-16.13.1.tgz",
      "integrity": "sha512-24e6ynE2H+OKt4kqsOvNd8kBpV65zoxbA4BVsEOB3ARVWQki/DHzaUoC5KuON/BiccDaCCTZBuOcfZs70kR8bQ=="
    },
    "react-lifecycles-compat": {
      "version": "3.0.4",
      "resolved": "https://registry.npmjs.org/react-lifecycles-compat/-/react-lifecycles-compat-3.0.4.tgz",
      "integrity": "sha512-fBASbA6LnOU9dOU2eW7aQ8xmYBSXUIWr+UmF9b1efZBazGNO+rcXT/icdKnYm2pTwcRylVUYwW7H1PHfLekVzA=="
    },
    "react-prop-toggle": {
      "version": "1.0.2",
      "resolved": "https://registry.npmjs.org/react-prop-toggle/-/react-prop-toggle-1.0.2.tgz",
      "integrity": "sha512-JmerjAXs7qJ959+d0Ygt7Cb2+4fG+n3I2VXO6JO0AcAY1vkRN/JpZKAN67CMXY889xEJcfylmMPhzvf6nWO68Q=="
    },
    "react-router": {
      "version": "5.2.0",
      "resolved": "https://registry.npmjs.org/react-router/-/react-router-5.2.0.tgz",
      "integrity": "sha512-smz1DUuFHRKdcJC0jobGo8cVbhO3x50tCL4icacOlcwDOEQPq4TMqwx3sY1TP+DvtTgz4nm3thuo7A+BK2U0Dw==",
      "requires": {
        "@babel/runtime": "^7.1.2",
        "history": "^4.9.0",
        "hoist-non-react-statics": "^3.1.0",
        "loose-envify": "^1.3.1",
        "mini-create-react-context": "^0.4.0",
        "path-to-regexp": "^1.7.0",
        "prop-types": "^15.6.2",
        "react-is": "^16.6.0",
        "tiny-invariant": "^1.0.2",
        "tiny-warning": "^1.0.0"
      }
    },
    "react-router-dom": {
      "version": "5.2.0",
      "resolved": "https://registry.npmjs.org/react-router-dom/-/react-router-dom-5.2.0.tgz",
      "integrity": "sha512-gxAmfylo2QUjcwxI63RhQ5G85Qqt4voZpUXSEqCwykV0baaOTQDR1f0PmY8AELqIyVc0NEZUj0Gov5lNGcXgsA==",
      "requires": {
        "@babel/runtime": "^7.1.2",
        "history": "^4.9.0",
        "loose-envify": "^1.3.1",
        "prop-types": "^15.6.2",
        "react-router": "5.2.0",
        "tiny-invariant": "^1.0.2",
        "tiny-warning": "^1.0.0"
      }
    },
    "react-scrolllock": {
      "version": "2.0.7",
      "resolved": "https://registry.npmjs.org/react-scrolllock/-/react-scrolllock-2.0.7.tgz",
      "integrity": "sha512-Gzpu8+ulxdYcybAgJOFTXc70xs7SBZDQbZNpKzchZUgLCJKjz6lrgESx6LHHZgfELx1xYL4yHu3kYQGQPFas/g==",
      "requires": {
        "exenv": "^1.2.2",
        "react-prop-toggle": "^1.0.2"
      }
    },
    "react-transition-group": {
      "version": "2.9.0",
      "resolved": "https://registry.npmjs.org/react-transition-group/-/react-transition-group-2.9.0.tgz",
      "integrity": "sha512-+HzNTCHpeQyl4MJ/bdE0u6XRMe9+XG/+aL4mCxVN4DnPBQ0/5bfHWPDuOZUzYdMj94daZaZdCCc1Dzt9R/xSSg==",
      "requires": {
        "dom-helpers": "^3.4.0",
        "loose-envify": "^1.4.0",
        "prop-types": "^15.6.2",
        "react-lifecycles-compat": "^3.0.4"
      }
    },
    "regenerator-runtime": {
      "version": "0.13.5",
      "resolved": "https://registry.npmjs.org/regenerator-runtime/-/regenerator-runtime-0.13.5.tgz",
      "integrity": "sha512-ZS5w8CpKFinUzOwW3c83oPeVXoNsrLsaCoLtJvAClH135j/R77RuymhiSErhm2lKcwSCIpmvIWSbDkIfAqKQlA=="
    },
    "resolve-pathname": {
      "version": "3.0.0",
      "resolved": "https://registry.npmjs.org/resolve-pathname/-/resolve-pathname-3.0.0.tgz",
      "integrity": "sha512-C7rARubxI8bXFNB/hqcp/4iUeIXJhJZvFPFPiSPRnhU5UPxzMFIl+2E6yY6c4k9giDJAhtV+enfA+G89N6Csng=="
    },
    "rxjs": {
      "version": "6.5.3",
      "resolved": "https://registry.npmjs.org/rxjs/-/rxjs-6.5.3.tgz",
      "integrity": "sha512-wuYsAYYFdWTAnAaPoKGNhfpWwKZbJW+HgAJ+mImp+Epl7BG8oNWBCTyRM8gba9k4lk8BgWdoYm21Mo/RYhhbgA==",
      "requires": {
        "tslib": "^1.9.0"
      }
    },
    "scheduler": {
      "version": "0.19.1",
      "resolved": "https://registry.npmjs.org/scheduler/-/scheduler-0.19.1.tgz",
      "integrity": "sha512-n/zwRWRYSUj0/3g/otKDRPMh6qv2SYMWNq85IEa8iZyAv8od9zDYpGSnpBEjNgcMNq6Scbu5KfIPxNF72R/2EA==",
      "requires": {
        "loose-envify": "^1.1.0",
        "object-assign": "^4.1.1"
      }
    },
    "single-spa": {
      "version": "4.4.1",
      "resolved": "https://registry.npmjs.org/single-spa/-/single-spa-4.4.1.tgz",
      "integrity": "sha512-em6ZGRbLUilaiPrR+XKHT4/qjX07ijbO75PLtN6/d3DykDVioqK8bE1W+KTOJpRf0vDoq3lV+oP9TVz/fvP/YA=="
    },
    "systemjs": {
      "version": "6.1.1",
      "resolved": "https://registry.npmjs.org/systemjs/-/systemjs-6.1.1.tgz",
      "integrity": "sha512-R1YeS6gvfBHRboezVrKzZoOSL4BzpU4XOI3OG0G0YAU7UEaOW2UhwmV8n/YVxzMjDNy76QO3ONIA+sxW8bMcQA=="
    },
    "tiny-invariant": {
      "version": "1.1.0",
      "resolved": "https://registry.npmjs.org/tiny-invariant/-/tiny-invariant-1.1.0.tgz",
      "integrity": "sha512-ytxQvrb1cPc9WBEI/HSeYYoGD0kWnGEOR8RY6KomWLBVhqz0RgTwVO9dLrGz7dC+nN9llyI7OKAgRq8Vq4ZBSw=="
    },
    "tiny-warning": {
      "version": "1.0.3",
      "resolved": "https://registry.npmjs.org/tiny-warning/-/tiny-warning-1.0.3.tgz",
      "integrity": "sha512-lBN9zLN/oAf68o3zNXYrdCt1kP8WsiGW8Oo2ka41b2IM5JL/S1CTyX1rW0mb/zSuJun0ZUrDxx4sqvYS2FWzPA=="
    },
    "tslib": {
      "version": "1.10.0",
      "resolved": "https://registry.npmjs.org/tslib/-/tslib-1.10.0.tgz",
      "integrity": "sha512-qOebF53frne81cf0S9B41ByenJ3/IuH8yJKngAX35CmiZySA0khhkovshKK+jGCaMnVomla7gVlIcc3EvKPbTQ=="
    },
    "value-equal": {
      "version": "1.0.1",
      "resolved": "https://registry.npmjs.org/value-equal/-/value-equal-1.0.1.tgz",
      "integrity": "sha512-NOJ6JZCAWr0zlxZt+xqCHNTEKOsrks2HQd4MqhP1qy4z1SkbEP467eNx6TgDKXMvUOb+OENfJCZwM+16n7fRfw=="
    },
    "void-elements": {
      "version": "2.0.1",
      "resolved": "https://registry.npmjs.org/void-elements/-/void-elements-2.0.1.tgz",
      "integrity": "sha1-wGavtYK7HLQSjWDqkjkulNXp2+w="
    }
  }
}
